
Microsoft Visual Studio Solution File, Format Version 12.00
# Visual Studio Version 16
VisualStudioVersion = 16.0.31410.357
MinimumVisualStudioVersion = 10.0.40219.1
Project("{FAE04EC0-301F-11D3-BF4B-00C04F79EFBC}") = "CarSales", "CarSales\CarSales.csproj", "{DFC58665-4BA9-423D-9903-665657A4C9A2}"
EndProject
Global
	GlobalSection(SolutionConfigurationPlatforms) = preSolution
		Debug|Any CPU = Debug|Any CPU
		Release|Any CPU = Release|Any CPU
	EndGlobalSection
	GlobalSection(ProjectConfigurationPlatforms) = postSolution
		{DFC58665-4BA9-423D-9903-665657A4C9A2}.Debug|Any CPU.ActiveCfg = Debug|Any CPU
		{DFC58665-4BA9-423D-9903-665657A4C9A2}.Debug|Any CPU.Build.0 = Debug|Any CPU
		{DFC58665-4BA9-423D-9903-665657A4C9A2}.Release|Any CPU.ActiveCfg = Release|Any CPU
		{DFC58665-4BA9-423D-9903-665657A4C9A2}.Release|Any CPU.Build.0 = Release|Any CPU
	EndGlobalSection
	GlobalSection(SolutionProperties) = preSolution
		HideSolutionNode = FALSE
	EndGlobalSection
	GlobalSection(ExtensibilityGlobals) = postSolution
		SolutionGuid = {4DF08BB9-322B-4944-8E76-2D0CF624AA46}
	EndGlobalSection
EndGlobal
